// !$*UTF8*$!
{
	archiveVersion = 1;
	classes = {
	};
	objectVersion = 46;
	objects = {

/* Begin PBXBuildFile section */
		063373F71E1584D900DEAE91 /* ApiNetworkingManager.m in Sources */ = {isa = PBXBuildFile; fileRef = 063373F61E1584D900DEAE91 /* ApiNetworkingManager.m */; };
		063373FA1E15851100DEAE91 /* NetworkingConstants.m in Sources */ = {isa = PBXBuildFile; fileRef = 063373F91E15851100DEAE91 /* NetworkingConstants.m */; };
		063373FF1E15851C00DEAE91 /* NSString+Utils.m in Sources */ = {isa = PBXBuildFile; fileRef = 063373FC1E15851C00DEAE91 /* NSString+Utils.m */; };
		063374001E15851C00DEAE91 /* StoryboardUtil.m in Sources */ = {isa = PBXBuildFile; fileRef = 063373FE1E15851C00DEAE91 /* StoryboardUtil.m */; };
		063374031E15853000DEAE91 /* BaseMantleObject.m in Sources */ = {isa = PBXBuildFile; fileRef = 063374021E15853000DEAE91 /* BaseMantleObject.m */; };
		063374161E1585F100DEAE91 /* BaseCollectionViewCell.m in Sources */ = {isa = PBXBuildFile; fileRef = 063374131E1585F100DEAE91 /* BaseCollectionViewCell.m */; };
		063374171E1585F100DEAE91 /* BaseTableViewCell.m in Sources */ = {isa = PBXBuildFile; fileRef = 063374151E1585F100DEAE91 /* BaseTableViewCell.m */; };
		0633741D1E1597C400DEAE91 /* Repositories.m in Sources */ = {isa = PBXBuildFile; fileRef = 0633741C1E1597C400DEAE91 /* Repositories.m */; };
		063374201E1598C700DEAE91 /* Owner.m in Sources */ = {isa = PBXBuildFile; fileRef = 0633741F1E1598C700DEAE91 /* Owner.m */; };
		06EAD8F71E157A660089CEA6 /* main.m in Sources */ = {isa = PBXBuildFile; fileRef = 06EAD8F61E157A660089CEA6 /* main.m */; };
		06EAD8FA1E157A660089CEA6 /* AppDelegate.m in Sources */ = {isa = PBXBuildFile; fileRef = 06EAD8F91E157A660089CEA6 /* AppDelegate.m */; };
		06EAD9001E157A660089CEA6 /* Main.storyboard in Resources */ = {isa = PBXBuildFile; fileRef = 06EAD8FE1E157A660089CEA6 /* Main.storyboard */; };
		06EAD9021E157A660089CEA6 /* Assets.xcassets in Resources */ = {isa = PBXBuildFile; fileRef = 06EAD9011E157A660089CEA6 /* Assets.xcassets */; };
		06EAD9051E157A660089CEA6 /* LaunchScreen.storyboard in Resources */ = {isa = PBXBuildFile; fileRef = 06EAD9031E157A660089CEA6 /* LaunchScreen.storyboard */; };
		06EAD9101E157A660089CEA6 /* arena_CodeChallengeTests.m in Sources */ = {isa = PBXBuildFile; fileRef = 06EAD90F1E157A660089CEA6 /* arena_CodeChallengeTests.m */; };
		06EAD91B1E157A660089CEA6 /* arena_CodeChallengeUITests.m in Sources */ = {isa = PBXBuildFile; fileRef = 06EAD91A1E157A660089CEA6 /* arena_CodeChallengeUITests.m */; };
		831073A30D57A5C55E7EB38D /* libPods-arena-CodeChallengeTests.a in Frameworks */ = {isa = PBXBuildFile; fileRef = D20F08EE6166C40BA45BA92C /* libPods-arena-CodeChallengeTests.a */; };
		D98BC018B58B6C42BE81A30F /* libPods-arena-CodeChallenge.a in Frameworks */ = {isa = PBXBuildFile; fileRef = EE55D95741331DD2953B1816 /* libPods-arena-CodeChallenge.a */; };
		FBFE1A6EA149F300F00D8F57 /* libPods-arena-CodeChallengeUITests.a in Frameworks */ = {isa = PBXBuildFile; fileRef = 77040D3EABA96884152D0EE6 /* libPods-arena-CodeChallengeUITests.a */; };
/* End PBXBuildFile section */

/* Begin PBXContainerItemProxy section */
		06EAD90C1E157A660089CEA6 /* PBXContainerItemProxy */ = {
			isa = PBXContainerItemProxy;
			containerPortal = 06EAD8EA1E157A660089CEA6 /* Project object */;
			proxyType = 1;
			remoteGlobalIDString = 06EAD8F11E157A660089CEA6;
			remoteInfo = "arena-CodeChallenge";
		};
		06EAD9171E157A660089CEA6 /* PBXContainerItemProxy */ = {
			isa = PBXContainerItemProxy;
			containerPortal = 06EAD8EA1E157A660089CEA6 /* Project object */;
			proxyType = 1;
			remoteGlobalIDString = 06EAD8F11E157A660089CEA6;
			remoteInfo = "arena-CodeChallenge";
		};
/* End PBXContainerItemProxy section */

/* Begin PBXFileReference section */
		063373F51E1584D900DEAE91 /* ApiNetworkingManager.h */ = {isa = PBXFileReference; fileEncoding = 4; lastKnownFileType = sourcecode.c.h; path = ApiNetworkingManager.h; sourceTree = "<group>"; };
		063373F61E1584D900DEAE91 /* ApiNetworkingManager.m */ = {isa = PBXFileReference; fileEncoding = 4; lastKnownFileType = sourcecode.c.objc; path = ApiNetworkingManager.m; sourceTree = "<group>"; };
		063373F81E15851100DEAE91 /* NetworkingConstants.h */ = {isa = PBXFileReference; fileEncoding = 4; lastKnownFileType = sourcecode.c.h; path = NetworkingConstants.h; sourceTree = "<group>"; };
		063373F91E15851100DEAE91 /* NetworkingConstants.m */ = {isa = PBXFileReference; fileEncoding = 4; lastKnownFileType = sourcecode.c.objc; path = NetworkingConstants.m; sourceTree = "<group>"; };
		063373FB1E15851C00DEAE91 /* NSString+Utils.h */ = {isa = PBXFileReference; fileEncoding = 4; lastKnownFileType = sourcecode.c.h; path = "NSString+Utils.h"; sourceTree = "<group>"; };
		063373FC1E15851C00DEAE91 /* NSString+Utils.m */ = {isa = PBXFileReference; fileEncoding = 4; lastKnownFileType = sourcecode.c.objc; path = "NSString+Utils.m"; sourceTree = "<group>"; };
		063373FD1E15851C00DEAE91 /* StoryboardUtil.h */ = {isa = PBXFileReference; fileEncoding = 4; lastKnownFileType = sourcecode.c.h; path = StoryboardUtil.h; sourceTree = "<group>"; };
		063373FE1E15851C00DEAE91 /* StoryboardUtil.m */ = {isa = PBXFileReference; fileEncoding = 4; lastKnownFileType = sourcecode.c.objc; path = StoryboardUtil.m; sourceTree = "<group>"; };
		063374011E15853000DEAE91 /* BaseMantleObject.h */ = {isa = PBXFileReference; fileEncoding = 4; lastKnownFileType = sourcecode.c.h; path = BaseMantleObject.h; sourceTree = "<group>"; };
		063374021E15853000DEAE91 /* BaseMantleObject.m */ = {isa = PBXFileReference; fileEncoding = 4; lastKnownFileType = sourcecode.c.objc; path = BaseMantleObject.m; sourceTree = "<group>"; };
		063374121E1585F100DEAE91 /* BaseCollectionViewCell.h */ = {isa = PBXFileReference; fileEncoding = 4; lastKnownFileType = sourcecode.c.h; path = BaseCollectionViewCell.h; sourceTree = "<group>"; };
		063374131E1585F100DEAE91 /* BaseCollectionViewCell.m */ = {isa = PBXFileReference; fileEncoding = 4; lastKnownFileType = sourcecode.c.objc; path = BaseCollectionViewCell.m; sourceTree = "<group>"; };
		063374141E1585F100DEAE91 /* BaseTableViewCell.h */ = {isa = PBXFileReference; fileEncoding = 4; lastKnownFileType = sourcecode.c.h; path = BaseTableViewCell.h; sourceTree = "<group>"; };
		063374151E1585F100DEAE91 /* BaseTableViewCell.m */ = {isa = PBXFileReference; fileEncoding = 4; lastKnownFileType = sourcecode.c.objc; path = BaseTableViewCell.m; sourceTree = "<group>"; };
		0633741B1E1597C400DEAE91 /* Repositories.h */ = {isa = PBXFileReference; fileEncoding = 4; lastKnownFileType = sourcecode.c.h; path = Repositories.h; sourceTree = "<group>"; };
		0633741C1E1597C400DEAE91 /* Repositories.m */ = {isa = PBXFileReference; fileEncoding = 4; lastKnownFileType = sourcecode.c.objc; path = Repositories.m; sourceTree = "<group>"; };
		0633741E1E1598C700DEAE91 /* Owner.h */ = {isa = PBXFileReference; fileEncoding = 4; lastKnownFileType = sourcecode.c.h; path = Owner.h; sourceTree = "<group>"; };
		0633741F1E1598C700DEAE91 /* Owner.m */ = {isa = PBXFileReference; fileEncoding = 4; lastKnownFileType = sourcecode.c.objc; path = Owner.m; sourceTree = "<group>"; };
		06EAD8F21E157A660089CEA6 /* arena-CodeChallenge.app */ = {isa = PBXFileReference; explicitFileType = wrapper.application; includeInIndex = 0; path = "arena-CodeChallenge.app"; sourceTree = BUILT_PRODUCTS_DIR; };
		06EAD8F61E157A660089CEA6 /* main.m */ = {isa = PBXFileReference; lastKnownFileType = sourcecode.c.objc; path = main.m; sourceTree = "<group>"; };
		06EAD8F81E157A660089CEA6 /* AppDelegate.h */ = {isa = PBXFileReference; lastKnownFileType = sourcecode.c.h; path = AppDelegate.h; sourceTree = "<group>"; };
		06EAD8F91E157A660089CEA6 /* AppDelegate.m */ = {isa = PBXFileReference; lastKnownFileType = sourcecode.c.objc; path = AppDelegate.m; sourceTree = "<group>"; };
		06EAD8FF1E157A660089CEA6 /* Base */ = {isa = PBXFileReference; lastKnownFileType = file.storyboard; name = Base; path = Base.lproj/Main.storyboard; sourceTree = "<group>"; };
		06EAD9011E157A660089CEA6 /* Assets.xcassets */ = {isa = PBXFileReference; lastKnownFileType = folder.assetcatalog; path = Assets.xcassets; sourceTree = "<group>"; };
		06EAD9041E157A660089CEA6 /* Base */ = {isa = PBXFileReference; lastKnownFileType = file.storyboard; name = Base; path = Base.lproj/LaunchScreen.storyboard; sourceTree = "<group>"; };
		06EAD9061E157A660089CEA6 /* Info.plist */ = {isa = PBXFileReference; lastKnownFileType = text.plist.xml; path = Info.plist; sourceTree = "<group>"; };
		06EAD90B1E157A660089CEA6 /* arena-CodeChallengeTests.xctest */ = {isa = PBXFileReference; explicitFileType = wrapper.cfbundle; includeInIndex = 0; path = "arena-CodeChallengeTests.xctest"; sourceTree = BUILT_PRODUCTS_DIR; };
		06EAD90F1E157A660089CEA6 /* arena_CodeChallengeTests.m */ = {isa = PBXFileReference; lastKnownFileType = sourcecode.c.objc; path = arena_CodeChallengeTests.m; sourceTree = "<group>"; };
		06EAD9111E157A660089CEA6 /* Info.plist */ = {isa = PBXFileReference; lastKnownFileType = text.plist.xml; path = Info.plist; sourceTree = "<group>"; };
		06EAD9161E157A660089CEA6 /* arena-CodeChallengeUITests.xctest */ = {isa = PBXFileReference; explicitFileType = wrapper.cfbundle; includeInIndex = 0; path = "arena-CodeChallengeUITests.xctest"; sourceTree = BUILT_PRODUCTS_DIR; };
		06EAD91A1E157A660089CEA6 /* arena_CodeChallengeUITests.m */ = {isa = PBXFileReference; lastKnownFileType = sourcecode.c.objc; path = arena_CodeChallengeUITests.m; sourceTree = "<group>"; };
		06EAD91C1E157A660089CEA6 /* Info.plist */ = {isa = PBXFileReference; lastKnownFileType = text.plist.xml; path = Info.plist; sourceTree = "<group>"; };
		27454F6DC512D9DCD90A58E4 /* Pods-arena-CodeChallenge.debug.xcconfig */ = {isa = PBXFileReference; includeInIndex = 1; lastKnownFileType = text.xcconfig; name = "Pods-arena-CodeChallenge.debug.xcconfig"; path = "Pods/Target Support Files/Pods-arena-CodeChallenge/Pods-arena-CodeChallenge.debug.xcconfig"; sourceTree = "<group>"; };
		2E1AC3FA7AFD1624EE36E88D /* Pods-arena-CodeChallenge.release.xcconfig */ = {isa = PBXFileReference; includeInIndex = 1; lastKnownFileType = text.xcconfig; name = "Pods-arena-CodeChallenge.release.xcconfig"; path = "Pods/Target Support Files/Pods-arena-CodeChallenge/Pods-arena-CodeChallenge.release.xcconfig"; sourceTree = "<group>"; };
		558DD2249731F525968EBE78 /* Pods-arena-CodeChallengeUITests.release.xcconfig */ = {isa = PBXFileReference; includeInIndex = 1; lastKnownFileType = text.xcconfig; name = "Pods-arena-CodeChallengeUITests.release.xcconfig"; path = "Pods/Target Support Files/Pods-arena-CodeChallengeUITests/Pods-arena-CodeChallengeUITests.release.xcconfig"; sourceTree = "<group>"; };
		697BD7AE12CC40AED46354BA /* Pods-arena-CodeChallengeTests.debug.xcconfig */ = {isa = PBXFileReference; includeInIndex = 1; lastKnownFileType = text.xcconfig; name = "Pods-arena-CodeChallengeTests.debug.xcconfig"; path = "Pods/Target Support Files/Pods-arena-CodeChallengeTests/Pods-arena-CodeChallengeTests.debug.xcconfig"; sourceTree = "<group>"; };
		77040D3EABA96884152D0EE6 /* libPods-arena-CodeChallengeUITests.a */ = {isa = PBXFileReference; explicitFileType = archive.ar; includeInIndex = 0; path = "libPods-arena-CodeChallengeUITests.a"; sourceTree = BUILT_PRODUCTS_DIR; };
		D20F08EE6166C40BA45BA92C /* libPods-arena-CodeChallengeTests.a */ = {isa = PBXFileReference; explicitFileType = archive.ar; includeInIndex = 0; path = "libPods-arena-CodeChallengeTests.a"; sourceTree = BUILT_PRODUCTS_DIR; };
		D66FD4F41249392C2207B319 /* Pods-arena-CodeChallengeUITests.debug.xcconfig */ = {isa = PBXFileReference; includeInIndex = 1; lastKnownFileType = text.xcconfig; name = "Pods-arena-CodeChallengeUITests.debug.xcconfig"; path = "Pods/Target Support Files/Pods-arena-CodeChallengeUITests/Pods-arena-CodeChallengeUITests.debug.xcconfig"; sourceTree = "<group>"; };
		DDF0881D2DC623A4682D2663 /* Pods-arena-CodeChallengeTests.release.xcconfig */ = {isa = PBXFileReference; includeInIndex = 1; lastKnownFileType = text.xcconfig; name = "Pods-arena-CodeChallengeTests.release.xcconfig"; path = "Pods/Target Support Files/Pods-arena-CodeChallengeTests/Pods-arena-CodeChallengeTests.release.xcconfig"; sourceTree = "<group>"; };
		EE55D95741331DD2953B1816 /* libPods-arena-CodeChallenge.a */ = {isa = PBXFileReference; explicitFileType = archive.ar; includeInIndex = 0; path = "libPods-arena-CodeChallenge.a"; sourceTree = BUILT_PRODUCTS_DIR; };
/* End PBXFileReference section */

/* Begin PBXFrameworksBuildPhase section */
		06EAD8EF1E157A660089CEA6 /* Frameworks */ = {
			isa = PBXFrameworksBuildPhase;
			buildActionMask = 2147483647;
			files = (
				D98BC018B58B6C42BE81A30F /* libPods-arena-CodeChallenge.a in Frameworks */,
			);
			runOnlyForDeploymentPostprocessing = 0;
		};
		06EAD9081E157A660089CEA6 /* Frameworks */ = {
			isa = PBXFrameworksBuildPhase;
			buildActionMask = 2147483647;
			files = (
				831073A30D57A5C55E7EB38D /* libPods-arena-CodeChallengeTests.a in Frameworks */,
			);
			runOnlyForDeploymentPostprocessing = 0;
		};
		06EAD9131E157A660089CEA6 /* Frameworks */ = {
			isa = PBXFrameworksBuildPhase;
			buildActionMask = 2147483647;
			files = (
				FBFE1A6EA149F300F00D8F57 /* libPods-arena-CodeChallengeUITests.a in Frameworks */,
			);
			runOnlyForDeploymentPostprocessing = 0;
		};
/* End PBXFrameworksBuildPhase section */

/* Begin PBXGroup section */
		063374181E1585FB00DEAE91 /* Cells */ = {
			isa = PBXGroup;
			children = (
				0633741A1E15860C00DEAE91 /* TableView */,
				063374191E15860300DEAE91 /* CollectionView */,
			);
			name = Cells;
			sourceTree = "<group>";
		};
		063374191E15860300DEAE91 /* CollectionView */ = {
			isa = PBXGroup;
			children = (
				063374121E1585F100DEAE91 /* BaseCollectionViewCell.h */,
				063374131E1585F100DEAE91 /* BaseCollectionViewCell.m */,
			);
			name = CollectionView;
			sourceTree = "<group>";
		};
		0633741A1E15860C00DEAE91 /* TableView */ = {
			isa = PBXGroup;
			children = (
				063374141E1585F100DEAE91 /* BaseTableViewCell.h */,
				063374151E1585F100DEAE91 /* BaseTableViewCell.m */,
			);
			name = TableView;
			sourceTree = "<group>";
		};
		06425E401E1580CA009E054D /* AppDelegate */ = {
			isa = PBXGroup;
			children = (
				06EAD8F81E157A660089CEA6 /* AppDelegate.h */,
				06EAD8F91E157A660089CEA6 /* AppDelegate.m */,
			);
			name = AppDelegate;
			sourceTree = "<group>";
		};
		06425E411E1580D9009E054D /* Controllers */ = {
			isa = PBXGroup;
			children = (
			);
			name = Controllers;
			sourceTree = "<group>";
		};
		06425E421E1580E7009E054D /* Storyboards */ = {
			isa = PBXGroup;
			children = (
				06EAD8FE1E157A660089CEA6 /* Main.storyboard */,
			);
			name = Storyboards;
			sourceTree = "<group>";
		};
		06425E431E1580F2009E054D /* Views */ = {
			isa = PBXGroup;
			children = (
				063374181E1585FB00DEAE91 /* Cells */,
			);
			name = Views;
			sourceTree = "<group>";
		};
		06425E441E1580FB009E054D /* Utils */ = {
			isa = PBXGroup;
			children = (
				063373FB1E15851C00DEAE91 /* NSString+Utils.h */,
				063373FC1E15851C00DEAE91 /* NSString+Utils.m */,
				063373FD1E15851C00DEAE91 /* StoryboardUtil.h */,
				063373FE1E15851C00DEAE91 /* StoryboardUtil.m */,
			);
			name = Utils;
			sourceTree = "<group>";
		};
		06425E451E15810B009E054D /* Constants */ = {
			isa = PBXGroup;
			children = (
				063373F81E15851100DEAE91 /* NetworkingConstants.h */,
				063373F91E15851100DEAE91 /* NetworkingConstants.m */,
			);
			name = Constants;
			sourceTree = "<group>";
		};
		06425E461E158113009E054D /* Models */ = {
			isa = PBXGroup;
			children = (
				063374011E15853000DEAE91 /* BaseMantleObject.h */,
				063374021E15853000DEAE91 /* BaseMantleObject.m */,
				0633741B1E1597C400DEAE91 /* Repositories.h */,
				0633741C1E1597C400DEAE91 /* Repositories.m */,
				0633741E1E1598C700DEAE91 /* Owner.h */,
				0633741F1E1598C700DEAE91 /* Owner.m */,
			);
			name = Models;
			sourceTree = "<group>";
		};
		06425E471E15811B009E054D /* Networking */ = {
			isa = PBXGroup;
			children = (
				063373F51E1584D900DEAE91 /* ApiNetworkingManager.h */,
				063373F61E1584D900DEAE91 /* ApiNetworkingManager.m */,
			);
			name = Networking;
			sourceTree = "<group>";
		};
		06EAD8E91E157A660089CEA6 = {
			isa = PBXGroup;
			children = (
				06EAD8F41E157A660089CEA6 /* arena-CodeChallenge */,
				06EAD90E1E157A660089CEA6 /* arena-CodeChallengeTests */,
				06EAD9191E157A660089CEA6 /* arena-CodeChallengeUITests */,
				06EAD8F31E157A660089CEA6 /* Products */,
				B3DAA4944930258F5D6C65D5 /* Pods */,
				9D3CF0FC6FFD50F3ADD82E52 /* Frameworks */,
			);
			sourceTree = "<group>";
		};
		06EAD8F31E157A660089CEA6 /* Products */ = {
			isa = PBXGroup;
			children = (
				06EAD8F21E157A660089CEA6 /* arena-CodeChallenge.app */,
				06EAD90B1E157A660089CEA6 /* arena-CodeChallengeTests.xctest */,
				06EAD9161E157A660089CEA6 /* arena-CodeChallengeUITests.xctest */,
			);
			name = Products;
			sourceTree = "<group>";
		};
		06EAD8F41E157A660089CEA6 /* arena-CodeChallenge */ = {
			isa = PBXGroup;
			children = (
				06425E471E15811B009E054D /* Networking */,
				06425E461E158113009E054D /* Models */,
				06425E451E15810B009E054D /* Constants */,
				06425E441E1580FB009E054D /* Utils */,
				06425E431E1580F2009E054D /* Views */,
				06425E421E1580E7009E054D /* Storyboards */,
				06425E411E1580D9009E054D /* Controllers */,
				06425E401E1580CA009E054D /* AppDelegate */,
				06EAD8F51E157A660089CEA6 /* Supporting Files */,
			);
			path = "arena-CodeChallenge";
			sourceTree = "<group>";
		};
		06EAD8F51E157A660089CEA6 /* Supporting Files */ = {
			isa = PBXGroup;
			children = (
				06EAD9011E157A660089CEA6 /* Assets.xcassets */,
				06EAD9031E157A660089CEA6 /* LaunchScreen.storyboard */,
				06EAD9061E157A660089CEA6 /* Info.plist */,
				06EAD8F61E157A660089CEA6 /* main.m */,
			);
			name = "Supporting Files";
			sourceTree = "<group>";
		};
		06EAD90E1E157A660089CEA6 /* arena-CodeChallengeTests */ = {
			isa = PBXGroup;
			children = (
				06EAD90F1E157A660089CEA6 /* arena_CodeChallengeTests.m */,
				06EAD9111E157A660089CEA6 /* Info.plist */,
			);
			path = "arena-CodeChallengeTests";
			sourceTree = "<group>";
		};
		06EAD9191E157A660089CEA6 /* arena-CodeChallengeUITests */ = {
			isa = PBXGroup;
			children = (
				06EAD91A1E157A660089CEA6 /* arena_CodeChallengeUITests.m */,
				06EAD91C1E157A660089CEA6 /* Info.plist */,
			);
			path = "arena-CodeChallengeUITests";
			sourceTree = "<group>";
		};
		9D3CF0FC6FFD50F3ADD82E52 /* Frameworks */ = {
			isa = PBXGroup;
			children = (
				EE55D95741331DD2953B1816 /* libPods-arena-CodeChallenge.a */,
				D20F08EE6166C40BA45BA92C /* libPods-arena-CodeChallengeTests.a */,
				77040D3EABA96884152D0EE6 /* libPods-arena-CodeChallengeUITests.a */,
			);
			name = Frameworks;
			sourceTree = "<group>";
		};
		B3DAA4944930258F5D6C65D5 /* Pods */ = {
			isa = PBXGroup;
			children = (
				27454F6DC512D9DCD90A58E4 /* Pods-arena-CodeChallenge.debug.xcconfig */,
				2E1AC3FA7AFD1624EE36E88D /* Pods-arena-CodeChallenge.release.xcconfig */,
				697BD7AE12CC40AED46354BA /* Pods-arena-CodeChallengeTests.debug.xcconfig */,
				DDF0881D2DC623A4682D2663 /* Pods-arena-CodeChallengeTests.release.xcconfig */,
				D66FD4F41249392C2207B319 /* Pods-arena-CodeChallengeUITests.debug.xcconfig */,
				558DD2249731F525968EBE78 /* Pods-arena-CodeChallengeUITests.release.xcconfig */,
			);
			name = Pods;
			sourceTree = "<group>";
		};
/* End PBXGroup section */

/* Begin PBXNativeTarget section */
		06EAD8F11E157A660089CEA6 /* arena-CodeChallenge */ = {
			isa = PBXNativeTarget;
			buildConfigurationList = 06EAD91F1E157A660089CEA6 /* Build configuration list for PBXNativeTarget "arena-CodeChallenge" */;
			buildPhases = (
				ACB97874C2E8549E9036E4E8 /* [CP] Check Pods Manifest.lock */,
				06EAD8EE1E157A660089CEA6 /* Sources */,
				06EAD8EF1E157A660089CEA6 /* Frameworks */,
				06EAD8F01E157A660089CEA6 /* Resources */,
				CCA6B4E2F239AA3E814A19C3 /* [CP] Embed Pods Frameworks */,
				3C5F12B3BAE45EA1B91C4043 /* [CP] Copy Pods Resources */,
			);
			buildRules = (
			);
			dependencies = (
			);
			name = "arena-CodeChallenge";
			productName = "arena-CodeChallenge";
			productReference = 06EAD8F21E157A660089CEA6 /* arena-CodeChallenge.app */;
			productType = "com.apple.product-type.application";
		};
		06EAD90A1E157A660089CEA6 /* arena-CodeChallengeTests */ = {
			isa = PBXNativeTarget;
			buildConfigurationList = 06EAD9221E157A660089CEA6 /* Build configuration list for PBXNativeTarget "arena-CodeChallengeTests" */;
			buildPhases = (
				0230607A7196C933B6883F25 /* [CP] Check Pods Manifest.lock */,
				06EAD9071E157A660089CEA6 /* Sources */,
				06EAD9081E157A660089CEA6 /* Frameworks */,
				06EAD9091E157A660089CEA6 /* Resources */,
				2B8C18EBF5274E0A2C30D04E /* [CP] Embed Pods Frameworks */,
				5FA82C63047E22962175D5B2 /* [CP] Copy Pods Resources */,
			);
			buildRules = (
			);
			dependencies = (
				06EAD90D1E157A660089CEA6 /* PBXTargetDependency */,
			);
			name = "arena-CodeChallengeTests";
			productName = "arena-CodeChallengeTests";
			productReference = 06EAD90B1E157A660089CEA6 /* arena-CodeChallengeTests.xctest */;
			productType = "com.apple.product-type.bundle.unit-test";
		};
		06EAD9151E157A660089CEA6 /* arena-CodeChallengeUITests */ = {
			isa = PBXNativeTarget;
			buildConfigurationList = 06EAD9251E157A660089CEA6 /* Build configuration list for PBXNativeTarget "arena-CodeChallengeUITests" */;
			buildPhases = (
				B52A6A57F22A0DBC08CC8ED2 /* [CP] Check Pods Manifest.lock */,
				06EAD9121E157A660089CEA6 /* Sources */,
				06EAD9131E157A660089CEA6 /* Frameworks */,
				06EAD9141E157A660089CEA6 /* Resources */,
				7FDD16B3192F33665850857A /* [CP] Embed Pods Frameworks */,
				C34DFCEFAE0836D4832E365D /* [CP] Copy Pods Resources */,
			);
			buildRules = (
			);
			dependencies = (
				06EAD9181E157A660089CEA6 /* PBXTargetDependency */,
			);
			name = "arena-CodeChallengeUITests";
			productName = "arena-CodeChallengeUITests";
			productReference = 06EAD9161E157A660089CEA6 /* arena-CodeChallengeUITests.xctest */;
			productType = "com.apple.product-type.bundle.ui-testing";
		};
/* End PBXNativeTarget section */

/* Begin PBXProject section */
		06EAD8EA1E157A660089CEA6 /* Project object */ = {
			isa = PBXProject;
			attributes = {
				LastUpgradeCheck = 0820;
				ORGANIZATIONNAME = "Maila  Manzur";
				TargetAttributes = {
					06EAD8F11E157A660089CEA6 = {
						CreatedOnToolsVersion = 8.2.1;
						DevelopmentTeam = Q869SK4UT6;
						ProvisioningStyle = Automatic;
					};
					06EAD90A1E157A660089CEA6 = {
						CreatedOnToolsVersion = 8.2.1;
						ProvisioningStyle = Automatic;
						TestTargetID = 06EAD8F11E157A660089CEA6;
					};
					06EAD9151E157A660089CEA6 = {
						CreatedOnToolsVersion = 8.2.1;
						ProvisioningStyle = Automatic;
						TestTargetID = 06EAD8F11E157A660089CEA6;
					};
				};
			};
			buildConfigurationList = 06EAD8ED1E157A660089CEA6 /* Build configuration list for PBXProject "arena-CodeChallenge" */;
			compatibilityVersion = "Xcode 3.2";
			developmentRegion = English;
			hasScannedForEncodings = 0;
			knownRegions = (
				en,
				Base,
			);
			mainGroup = 06EAD8E91E157A660089CEA6;
			productRefGroup = 06EAD8F31E157A660089CEA6 /* Products */;
			projectDirPath = "";
			projectRoot = "";
			targets = (
				06EAD8F11E157A660089CEA6 /* arena-CodeChallenge */,
				06EAD90A1E157A660089CEA6 /* arena-CodeChallengeTests */,
				06EAD9151E157A660089CEA6 /* arena-CodeChallengeUITests */,
			);
		};
/* End PBXProject section */

/* Begin PBXResourcesBuildPhase section */
		06EAD8F01E157A660089CEA6 /* Resources */ = {
			isa = PBXResourcesBuildPhase;
			buildActionMask = 2147483647;
			files = (
				06EAD9051E157A660089CEA6 /* LaunchScreen.storyboard in Resources */,
				06EAD9021E157A660089CEA6 /* Assets.xcassets in Resources */,
				06EAD9001E157A660089CEA6 /* Main.storyboard in Resources */,
			);
			runOnlyForDeploymentPostprocessing = 0;
		};
		06EAD9091E157A660089CEA6 /* Resources */ = {
			isa = PBXResourcesBuildPhase;
			buildActionMask = 2147483647;
			files = (
			);
			runOnlyForDeploymentPostprocessing = 0;
		};
		06EAD9141E157A660089CEA6 /* Resources */ = {
			isa = PBXResourcesBuildPhase;
			buildActionMask = 2147483647;
			files = (
			);
			runOnlyForDeploymentPostprocessing = 0;
		};
/* End PBXResourcesBuildPhase section */

/* Begin PBXShellScriptBuildPhase section */
		0230607A7196C933B6883F25 /* [CP] Check Pods Manifest.lock */ = {
			isa = PBXShellScriptBuildPhase;
			buildActionMask = 2147483647;
			files = (
			);
			inputPaths = (
			);
			name = "[CP] Check Pods Manifest.lock";
			outputPaths = (
			);
			runOnlyForDeploymentPostprocessing = 0;
			shellPath = /bin/sh;
			shellScript = "diff \"${PODS_ROOT}/../Podfile.lock\" \"${PODS_ROOT}/Manifest.lock\" > /dev/null\nif [ $? != 0 ] ; then\n    # print error to STDERR\n    echo \"error: The sandbox is not in sync with the Podfile.lock. Run 'pod install' or update your CocoaPods installation.\" >&2\n    exit 1\nfi\n";
			showEnvVarsInLog = 0;
		};
		2B8C18EBF5274E0A2C30D04E /* [CP] Embed Pods Frameworks */ = {
			isa = PBXShellScriptBuildPhase;
			buildActionMask = 2147483647;
			files = (
			);
			inputPaths = (
			);
			name = "[CP] Embed Pods Frameworks";
			outputPaths = (
			);
			runOnlyForDeploymentPostprocessing = 0;
			shellPath = /bin/sh;
			shellScript = "\"${SRCROOT}/Pods/Target Support Files/Pods-arena-CodeChallengeTests/Pods-arena-CodeChallengeTests-frameworks.sh\"\n";
			showEnvVarsInLog = 0;
		};
		3C5F12B3BAE45EA1B91C4043 /* [CP] Copy Pods Resources */ = {
			isa = PBXShellScriptBuildPhase;
			buildActionMask = 2147483647;
			files = (
			);
			inputPaths = (
			);
			name = "[CP] Copy Pods Resources";
			outputPaths = (
			);
			runOnlyForDeploymentPostprocessing = 0;
			shellPath = /bin/sh;
			shellScript = "\"${SRCROOT}/Pods/Target Support Files/Pods-arena-CodeChallenge/Pods-arena-CodeChallenge-resources.sh\"\n";
			showEnvVarsInLog = 0;
		};
		5FA82C63047E22962175D5B2 /* [CP] Copy Pods Resources */ = {
			isa = PBXShellScriptBuildPhase;
			buildActionMask = 2147483647;
			files = (
			);
			inputPaths = (
			);
			name = "[CP] Copy Pods Resources";
			outputPaths = (
			);
			runOnlyForDeploymentPostprocessing = 0;
			shellPath = /bin/sh;
			shellScript = "\"${SRCROOT}/Pods/Target Support Files/Pods-arena-CodeChallengeTests/Pods-arena-CodeChallengeTests-resources.sh\"\n";
			showEnvVarsInLog = 0;
		};
		7FDD16B3192F33665850857A /* [CP] Embed Pods Frameworks */ = {
			isa = PBXShellScriptBuildPhase;
			buildActionMask = 2147483647;
			files = (
			);
			inputPaths = (
			);
			name = "[CP] Embed Pods Frameworks";
			outputPaths = (
			);
			runOnlyForDeploymentPostprocessing = 0;
			shellPath = /bin/sh;
			shellScript = "\"${SRCROOT}/Pods/Target Support Files/Pods-arena-CodeChallengeUITests/Pods-arena-CodeChallengeUITests-frameworks.sh\"\n";
			showEnvVarsInLog = 0;
		};
		ACB97874C2E8549E9036E4E8 /* [CP] Check Pods Manifest.lock */ = {
			isa = PBXShellScriptBuildPhase;
			buildActionMask = 2147483647;
			files = (
			);
			inputPaths = (
			);
			name = "[CP] Check Pods Manifest.lock";
			outputPaths = (
			);
			runOnlyForDeploymentPostprocessing = 0;
			shellPath = /bin/sh;
			shellScript = "diff \"${PODS_ROOT}/../Podfile.lock\" \"${PODS_ROOT}/Manifest.lock\" > /dev/null\nif [ $? != 0 ] ; then\n    # print error to STDERR\n    echo \"error: The sandbox is not in sync with the Podfile.lock. Run 'pod install' or update your CocoaPods installation.\" >&2\n    exit 1\nfi\n";
			showEnvVarsInLog = 0;
		};
		B52A6A57F22A0DBC08CC8ED2 /* [CP] Check Pods Manifest.lock */ = {
			isa = PBXShellScriptBuildPhase;
			buildActionMask = 2147483647;
			files = (
			);
			inputPaths = (
			);
			name = "[CP] Check Pods Manifest.lock";
			outputPaths = (
			);
			runOnlyForDeploymentPostprocessing = 0;
			shellPath = /bin/sh;
			shellScript = "diff \"${PODS_ROOT}/../Podfile.lock\" \"${PODS_ROOT}/Manifest.lock\" > /dev/null\nif [ $? != 0 ] ; then\n    # print error to STDERR\n    echo \"error: The sandbox is not in sync with the Podfile.lock. Run 'pod install' or update your CocoaPods installation.\" >&2\n    exit 1\nfi\n";
			showEnvVarsInLog = 0;
		};
		C34DFCEFAE0836D4832E365D /* [CP] Copy Pods Resources */ = {
			isa = PBXShellScriptBuildPhase;
			buildActionMask = 2147483647;
			files = (
			);
			inputPaths = (
			);
			name = "[CP] Copy Pods Resources";
			outputPaths = (
			);
			runOnlyForDeploymentPostprocessing = 0;
			shellPath = /bin/sh;
			shellScript = "\"${SRCROOT}/Pods/Target Support Files/Pods-arena-CodeChallengeUITests/Pods-arena-CodeChallengeUITests-resources.sh\"\n";
			showEnvVarsInLog = 0;
		};
		CCA6B4E2F239AA3E814A19C3 /* [CP] Embed Pods Frameworks */ = {
			isa = PBXShellScriptBuildPhase;
			buildActionMask = 2147483647;
			files = (
			);
			inputPaths = (
			);
			name = "[CP] Embed Pods Frameworks";
			outputPaths = (
			);
			runOnlyForDeploymentPostprocessing = 0;
			shellPath = /bin/sh;
			shellScript = "\"${SRCROOT}/Pods/Target Support Files/Pods-arena-CodeChallenge/Pods-arena-CodeChallenge-frameworks.sh\"\n";
			showEnvVarsInLog = 0;
		};
/* End PBXShellScriptBuildPhase section */

/* Begin PBXSourcesBuildPhase section */
		06EAD8EE1E157A660089CEA6 /* Sources */ = {
			isa = PBXSourcesBuildPhase;
			buildActionMask = 2147483647;
			files = (
				063374171E1585F100DEAE91 /* BaseTableViewCell.m in Sources */,
				063373F71E1584D900DEAE91 /* ApiNetworkingManager.m in Sources */,
				063373FA1E15851100DEAE91 /* NetworkingConstants.m in Sources */,
				063374201E1598C700DEAE91 /* Owner.m in Sources */,
				063373FF1E15851C00DEAE91 /* NSString+Utils.m in Sources */,
				063374031E15853000DEAE91 /* BaseMantleObject.m in Sources */,
				0633741D1E1597C400DEAE91 /* Repositories.m in Sources */,
				06EAD8FA1E157A660089CEA6 /* AppDelegate.m in Sources */,
				063374161E1585F100DEAE91 /* BaseCollectionViewCell.m in Sources */,
				063374001E15851C00DEAE91 /* StoryboardUtil.m in Sources */,
				06EAD8F71E157A660089CEA6 /* main.m in Sources */,
			);
			runOnlyForDeploymentPostprocessing = 0;
		};
		06EAD9071E157A660089CEA6 /* Sources */ = {
			isa = PBXSourcesBuildPhase;
			buildActionMask = 2147483647;
			files = (
				06EAD9101E157A660089CEA6 /* arena_CodeChallengeTests.m in Sources */,
			);
			runOnlyForDeploymentPostprocessing = 0;
		};
		06EAD9121E157A660089CEA6 /* Sources */ = {
			isa = PBXSourcesBuildPhase;
			buildActionMask = 2147483647;
			files = (
				06EAD91B1E157A660089CEA6 /* arena_CodeChallengeUITests.m in Sources */,
			);
			runOnlyForDeploymentPostprocessing = 0;
		};
/* End PBXSourcesBuildPhase section */

/* Begin PBXTargetDependency section */
		06EAD90D1E157A660089CEA6 /* PBXTargetDependency */ = {
			isa = PBXTargetDependency;
			target = 06EAD8F11E157A660089CEA6 /* arena-CodeChallenge */;
			targetProxy = 06EAD90C1E157A660089CEA6 /* PBXContainerItemProxy */;
		};
		06EAD9181E157A660089CEA6 /* PBXTargetDependency */ = {
			isa = PBXTargetDependency;
			target = 06EAD8F11E157A660089CEA6 /* arena-CodeChallenge */;
			targetProxy = 06EAD9171E157A660089CEA6 /* PBXContainerItemProxy */;
		};
/* End PBXTargetDependency section */

/* Begin PBXVariantGroup section */
		06EAD8FE1E157A660089CEA6 /* Main.storyboard */ = {
			isa = PBXVariantGroup;
			children = (
				06EAD8FF1E157A660089CEA6 /* Base */,
			);
			name = Main.storyboard;
			sourceTree = "<group>";
		};
		06EAD9031E157A660089CEA6 /* LaunchScreen.storyboard */ = {
			isa = PBXVariantGroup;
			children = (
				06EAD9041E157A660089CEA6 /* Base */,
			);
			name = LaunchScreen.storyboard;
			sourceTree = "<group>";
		};
/* End PBXVariantGroup section */

/* Begin XCBuildConfiguration section */
		06EAD91D1E157A660089CEA6 /* Debug */ = {
			isa = XCBuildConfiguration;
			buildSettings = {
				ALWAYS_SEARCH_USER_PATHS = NO;
				CLANG_ANALYZER_NONNULL = YES;
				CLANG_CXX_LANGUAGE_STANDARD = "gnu++0x";
				CLANG_CXX_LIBRARY = "libc++";
				CLANG_ENABLE_MODULES = YES;
				CLANG_ENABLE_OBJC_ARC = YES;
				CLANG_WARN_BOOL_CONVERSION = YES;
				CLANG_WARN_CONSTANT_CONVERSION = YES;
				CLANG_WARN_DIRECT_OBJC_ISA_USAGE = YES_ERROR;
				CLANG_WARN_DOCUMENTATION_COMMENTS = YES;
				CLANG_WARN_EMPTY_BODY = YES;
				CLANG_WARN_ENUM_CONVERSION = YES;
				CLANG_WARN_INFINITE_RECURSION = YES;
				CLANG_WARN_INT_CONVERSION = YES;
				CLANG_WARN_OBJC_ROOT_CLASS = YES_ERROR;
				CLANG_WARN_SUSPICIOUS_MOVE = YES;
				CLANG_WARN_UNREACHABLE_CODE = YES;
				CLANG_WARN__DUPLICATE_METHOD_MATCH = YES;
				"CODE_SIGN_IDENTITY[sdk=iphoneos*]" = "iPhone Developer";
				COPY_PHASE_STRIP = NO;
				DEBUG_INFORMATION_FORMAT = dwarf;
				ENABLE_STRICT_OBJC_MSGSEND = YES;
				ENABLE_TESTABILITY = YES;
				GCC_C_LANGUAGE_STANDARD = gnu99;
				GCC_DYNAMIC_NO_PIC = NO;
				GCC_NO_COMMON_BLOCKS = YES;
				GCC_OPTIMIZATION_LEVEL = 0;
				GCC_PREPROCESSOR_DEFINITIONS = (
					"DEBUG=1",
					"$(inherited)",
				);
				GCC_WARN_64_TO_32_BIT_CONVERSION = YES;
				GCC_WARN_ABOUT_RETURN_TYPE = YES_ERROR;
				GCC_WARN_UNDECLARED_SELECTOR = YES;
				GCC_WARN_UNINITIALIZED_AUTOS = YES_AGGRESSIVE;
				GCC_WARN_UNUSED_FUNCTION = YES;
				GCC_WARN_UNUSED_VARIABLE = YES;
				IPHONEOS_DEPLOYMENT_TARGET = 8.0;
				MTL_ENABLE_DEBUG_INFO = YES;
				ONLY_ACTIVE_ARCH = YES;
				SDKROOT = iphoneos;
				TARGETED_DEVICE_FAMILY = "1,2";
			};
			name = Debug;
		};
		06EAD91E1E157A660089CEA6 /* Release */ = {
			isa = XCBuildConfiguration;
			buildSettings = {
				ALWAYS_SEARCH_USER_PATHS = NO;
				CLANG_ANALYZER_NONNULL = YES;
				CLANG_CXX_LANGUAGE_STANDARD = "gnu++0x";
				CLANG_CXX_LIBRARY = "libc++";
				CLANG_ENABLE_MODULES = YES;
				CLANG_ENABLE_OBJC_ARC = YES;
				CLANG_WARN_BOOL_CONVERSION = YES;
				CLANG_WARN_CONSTANT_CONVERSION = YES;
				CLANG_WARN_DIRECT_OBJC_ISA_USAGE = YES_ERROR;
				CLANG_WARN_DOCUMENTATION_COMMENTS = YES;
				CLANG_WARN_EMPTY_BODY = YES;
				CLANG_WARN_ENUM_CONVERSION = YES;
				CLANG_WARN_INFINITE_RECURSION = YES;
				CLANG_WARN_INT_CONVERSION = YES;
				CLANG_WARN_OBJC_ROOT_CLASS = YES_ERROR;
				CLANG_WARN_SUSPICIOUS_MOVE = YES;
				CLANG_WARN_UNREACHABLE_CODE = YES;
				CLANG_WARN__DUPLICATE_METHOD_MATCH = YES;
				"CODE_SIGN_IDENTITY[sdk=iphoneos*]" = "iPhone Developer";
				COPY_PHASE_STRIP = NO;
				DEBUG_INFORMATION_FORMAT = "dwarf-with-dsym";
				ENABLE_NS_ASSERTIONS = NO;
				ENABLE_STRICT_OBJC_MSGSEND = YES;
				GCC_C_LANGUAGE_STANDARD = gnu99;
				GCC_NO_COMMON_BLOCKS = YES;
				GCC_WARN_64_TO_32_BIT_CONVERSION = YES;
				GCC_WARN_ABOUT_RETURN_TYPE = YES_ERROR;
				GCC_WARN_UNDECLARED_SELECTOR = YES;
				GCC_WARN_UNINITIALIZED_AUTOS = YES_AGGRESSIVE;
				GCC_WARN_UNUSED_FUNCTION = YES;
				GCC_WARN_UNUSED_VARIABLE = YES;
				IPHONEOS_DEPLOYMENT_TARGET = 8.0;
				MTL_ENABLE_DEBUG_INFO = NO;
				SDKROOT = iphoneos;
				TARGETED_DEVICE_FAMILY = "1,2";
				VALIDATE_PRODUCT = YES;
			};
			name = Release;
		};
		06EAD9201E157A660089CEA6 /* Debug */ = {
			isa = XCBuildConfiguration;
			baseConfigurationReference = 27454F6DC512D9DCD90A58E4 /* Pods-arena-CodeChallenge.debug.xcconfig */;
			buildSettings = {
				ASSETCATALOG_COMPILER_APPICON_NAME = AppIcon;
				DEVELOPMENT_TEAM = Q869SK4UT6;
				INFOPLIST_FILE = "arena-CodeChallenge/Info.plist";
				LD_RUNPATH_SEARCH_PATHS = "$(inherited) @executable_path/Frameworks";
				PRODUCT_BUNDLE_IDENTIFIER = "maila.arena-CodeChallenge";
				PRODUCT_NAME = "$(TARGET_NAME)";
			};
			name = Debug;
		};
		06EAD9211E157A660089CEA6 /* Release */ = {
			isa = XCBuildConfiguration;
			baseConfigurationReference = 2E1AC3FA7AFD1624EE36E88D /* Pods-arena-CodeChallenge.release.xcconfig */;
			buildSettings = {
				ASSETCATALOG_COMPILER_APPICON_NAME = AppIcon;
				DEVELOPMENT_TEAM = Q869SK4UT6;
				INFOPLIST_FILE = "arena-CodeChallenge/Info.plist";
				LD_RUNPATH_SEARCH_PATHS = "$(inherited) @executable_path/Frameworks";
				PRODUCT_BUNDLE_IDENTIFIER = "maila.arena-CodeChallenge";
				PRODUCT_NAME = "$(TARGET_NAME)";
			};
			name = Release;
		};
		06EAD9231E157A660089CEA6 /* Debug */ = {
			isa = XCBuildConfiguration;
			baseConfigurationReference = 697BD7AE12CC40AED46354BA /* Pods-arena-CodeChallengeTests.debug.xcconfig */;
			buildSettings = {
				BUNDLE_LOADER = "$(TEST_HOST)";
				INFOPLIST_FILE = "arena-CodeChallengeTests/Info.plist";
				LD_RUNPATH_SEARCH_PATHS = "$(inherited) @executable_path/Frameworks @loader_path/Frameworks";
				PRODUCT_BUNDLE_IDENTIFIER = "maila.arena-CodeChallengeTests";
				PRODUCT_NAME = "$(TARGET_NAME)";
				TEST_HOST = "$(BUILT_PRODUCTS_DIR)/arena-CodeChallenge.app/arena-CodeChallenge";
			};
			name = Debug;
		};
		06EAD9241E157A660089CEA6 /* Release */ = {
			isa = XCBuildConfiguration;
			baseConfigurationReference = DDF0881D2DC623A4682D2663 /* Pods-arena-CodeChallengeTests.release.xcconfig */;
			buildSettings = {
				BUNDLE_LOADER = "$(TEST_HOST)";
				INFOPLIST_FILE = "arena-CodeChallengeTests/Info.plist";
				LD_RUNPATH_SEARCH_PATHS = "$(inherited) @executable_path/Frameworks @loader_path/Frameworks";
				PRODUCT_BUNDLE_IDENTIFIER = "maila.arena-CodeChallengeTests";
				PRODUCT_NAME = "$(TARGET_NAME)";
				TEST_HOST = "$(BUILT_PRODUCTS_DIR)/arena-CodeChallenge.app/arena-CodeChallenge";
			};
			name = Release;
		};
		06EAD9261E157A660089CEA6 /* Debug */ = {
			isa = XCBuildConfiguration;
			baseConfigurationReference = D66FD4F41249392C2207B319 /* Pods-arena-CodeChallengeUITests.debug.xcconfig */;
			buildSettings = {
				INFOPLIST_FILE = "arena-CodeChallengeUITests/Info.plist";
				LD_RUNPATH_SEARCH_PATHS = "$(inherited) @executable_path/Frameworks @loader_path/Frameworks";
				PRODUCT_BUNDLE_IDENTIFIER = "maila.arena-CodeChallengeUITests";
				PRODUCT_NAME = "$(TARGET_NAME)";
				TEST_TARGET_NAME = "arena-CodeChallenge";
			};
			name = Debug;
		};
		06EAD9271E157A660089CEA6 /* Release */ = {
			isa = XCBuildConfiguration;
			baseConfigurationReference = 558DD2249731F525968EBE78 /* Pods-arena-CodeChallengeUITests.release.xcconfig */;
			buildSettings = {
				INFOPLIST_FILE = "arena-CodeChallengeUITests/Info.plist";
				LD_RUNPATH_SEARCH_PATHS = "$(inherited) @executable_path/Frameworks @loader_path/Frameworks";
				PRODUCT_BUNDLE_IDENTIFIER = "maila.arena-CodeChallengeUITests";
				PRODUCT_NAME = "$(TARGET_NAME)";
				TEST_TARGET_NAME = "arena-CodeChallenge";
			};
			name = Release;
		};
/* End XCBuildConfiguration section */

/* Begin XCConfigurationList section */
		06EAD8ED1E157A660089CEA6 /* Build configuration list for PBXProject "arena-CodeChallenge" */ = {
			isa = XCConfigurationList;
			buildConfigurations = (
				06EAD91D1E157A660089CEA6 /* Debug */,
				06EAD91E1E157A660089CEA6 /* Release */,
			);
			defaultConfigurationIsVisible = 0;
			defaultConfigurationName = Release;
		};
		06EAD91F1E157A660089CEA6 /* Build configuration list for PBXNativeTarget "arena-CodeChallenge" */ = {
			isa = XCConfigurationList;
			buildConfigurations = (
				06EAD9201E157A660089CEA6 /* Debug */,
				06EAD9211E157A660089CEA6 /* Release */,
			);
			defaultConfigurationIsVisible = 0;
			defaultConfigurationName = Release;
		};
		06EAD9221E157A660089CEA6 /* Build configuration list for PBXNativeTarget "arena-CodeChallengeTests" */ = {
			isa = XCConfigurationList;
			buildConfigurations = (
				06EAD9231E157A660089CEA6 /* Debug */,
				06EAD9241E157A660089CEA6 /* Release */,
			);
			defaultConfigurationIsVisible = 0;
			defaultConfigurationName = Release;
		};
		06EAD9251E157A660089CEA6 /* Build configuration list for PBXNativeTarget "arena-CodeChallengeUITests" */ = {
			isa = XCConfigurationList;
			buildConfigurations = (
				06EAD9261E157A660089CEA6 /* Debug */,
				06EAD9271E157A660089CEA6 /* Release */,
			);
			defaultConfigurationIsVisible = 0;
			defaultConfigurationName = Release;
		};
/* End XCConfigurationList section */
	};
	rootObject = 06EAD8EA1E157A660089CEA6 /* Project object */;
}
